
Microsoft Visual Studio Solution File, Format Version 12.00
# Visual Studio 15
VisualStudioVersion = 15.0.26124.0
MinimumVisualStudioVersion = 15.0.26124.0
Project("{FAE04EC0-301F-11D3-BF4B-00C04F79EFBC}") = "HappyBank.Data", "HappyBank.Data\HappyBank.Data.csproj", "{057BCFB4-DA7F-4CC6-AEEB-8B8241CFD513}"
EndProject
Project("{FAE04EC0-301F-11D3-BF4B-00C04F79EFBC}") = "HappyBank.Api", "HappyBank.Api\HappyBank.Api.csproj", "{3031A8B1-C811-4EAB-BD3C-A5DF7E551C4A}"
EndProject
Global
	GlobalSection(SolutionConfigurationPlatforms) = preSolution
		Debug|Any CPU = Debug|Any CPU
		Debug|x64 = Debug|x64
		Debug|x86 = Debug|x86
		Release|Any CPU = Release|Any CPU
		Release|x64 = Release|x64
		Release|x86 = Release|x86
	EndGlobalSection
	GlobalSection(SolutionProperties) = preSolution
		HideSolutionNode = FALSE
	EndGlobalSection
	GlobalSection(ProjectConfigurationPlatforms) = postSolution
		{057BCFB4-DA7F-4CC6-AEEB-8B8241CFD513}.Debug|Any CPU.ActiveCfg = Debug|Any CPU
		{057BCFB4-DA7F-4CC6-AEEB-8B8241CFD513}.Debug|Any CPU.Build.0 = Debug|Any CPU
		{057BCFB4-DA7F-4CC6-AEEB-8B8241CFD513}.Debug|x64.ActiveCfg = Debug|Any CPU
		{057BCFB4-DA7F-4CC6-AEEB-8B8241CFD513}.Debug|x64.Build.0 = Debug|Any CPU
		{057BCFB4-DA7F-4CC6-AEEB-8B8241CFD513}.Debug|x86.ActiveCfg = Debug|Any CPU
		{057BCFB4-DA7F-4CC6-AEEB-8B8241CFD513}.Debug|x86.Build.0 = Debug|Any CPU
		{057BCFB4-DA7F-4CC6-AEEB-8B8241CFD513}.Release|Any CPU.ActiveCfg = Release|Any CPU
		{057BCFB4-DA7F-4CC6-AEEB-8B8241CFD513}.Release|Any CPU.Build.0 = Release|Any CPU
		{057BCFB4-DA7F-4CC6-AEEB-8B8241CFD513}.Release|x64.ActiveCfg = Release|Any CPU
		{057BCFB4-DA7F-4CC6-AEEB-8B8241CFD513}.Release|x64.Build.0 = Release|Any CPU
		{057BCFB4-DA7F-4CC6-AEEB-8B8241CFD513}.Release|x86.ActiveCfg = Release|Any CPU
		{057BCFB4-DA7F-4CC6-AEEB-8B8241CFD513}.Release|x86.Build.0 = Release|Any CPU
		{3031A8B1-C811-4EAB-BD3C-A5DF7E551C4A}.Debug|Any CPU.ActiveCfg = Debug|Any CPU
		{3031A8B1-C811-4EAB-BD3C-A5DF7E551C4A}.Debug|Any CPU.Build.0 = Debug|Any CPU
		{3031A8B1-C811-4EAB-BD3C-A5DF7E551C4A}.Debug|x64.ActiveCfg = Debug|Any CPU
		{3031A8B1-C811-4EAB-BD3C-A5DF7E551C4A}.Debug|x64.Build.0 = Debug|Any CPU
		{3031A8B1-C811-4EAB-BD3C-A5DF7E551C4A}.Debug|x86.ActiveCfg = Debug|Any CPU
		{3031A8B1-C811-4EAB-BD3C-A5DF7E551C4A}.Debug|x86.Build.0 = Debug|Any CPU
		{3031A8B1-C811-4EAB-BD3C-A5DF7E551C4A}.Release|Any CPU.ActiveCfg = Release|Any CPU
		{3031A8B1-C811-4EAB-BD3C-A5DF7E551C4A}.Release|Any CPU.Build.0 = Release|Any CPU
		{3031A8B1-C811-4EAB-BD3C-A5DF7E551C4A}.Release|x64.ActiveCfg = Release|Any CPU
		{3031A8B1-C811-4EAB-BD3C-A5DF7E551C4A}.Release|x64.Build.0 = Release|Any CPU
		{3031A8B1-C811-4EAB-BD3C-A5DF7E551C4A}.Release|x86.ActiveCfg = Release|Any CPU
		{3031A8B1-C811-4EAB-BD3C-A5DF7E551C4A}.Release|x86.Build.0 = Release|Any CPU
	EndGlobalSection
EndGlobal
