
Microsoft Visual Studio Solution File, Format Version 12.00
# Visual Studio 15
VisualStudioVersion = 15.0.26124.0
MinimumVisualStudioVersion = 15.0.26124.0
Project("{2150E333-8FDC-42A3-9474-1A3956D46DE8}") = "App", "App", "{4B317F1A-EAA8-4249-976A-8A68333E0174}"
EndProject
Project("{FAE04EC0-301F-11D3-BF4B-00C04F79EFBC}") = "HappyBank.Api", "Src\HappyBank.Api\HappyBank.Api.csproj", "{BE352984-0529-4B24-8E45-F5950DC842FF}"
EndProject
Project("{2150E333-8FDC-42A3-9474-1A3956D46DE8}") = "Libs", "Libs", "{7CFE21CC-6BCE-470F-801E-3C4977D93261}"
EndProject
Project("{FAE04EC0-301F-11D3-BF4B-00C04F79EFBC}") = "HappyBank.Infra", "Src\HappyBank.Infra\HappyBank.Infra.csproj", "{D634E552-DAC6-4CFE-97FB-915C38DEDBB0}"
EndProject
Project("{FAE04EC0-301F-11D3-BF4B-00C04F79EFBC}") = "HappyBank.Domain", "Src\HappyBank.Domain\HappyBank.Domain.csproj", "{D265D6F4-BE8A-450F-9581-EDBF29D8A6FD}"
EndProject
Project("{FAE04EC0-301F-11D3-BF4B-00C04F79EFBC}") = "HappyBank.Data", "Src\HappyBank.Data\HappyBank.Data.csproj", "{F99A14DE-2FB7-4C51-81F1-81447C7ECF14}"
EndProject
Project("{FAE04EC0-301F-11D3-BF4B-00C04F79EFBC}") = "HappyBank.UseCases", "Src\HappyBank.UseCases\HappyBank.UseCases.csproj", "{AF55A5C0-DEAA-4EC1-912C-EA4B70EA2E11}"
EndProject
Project("{2150E333-8FDC-42A3-9474-1A3956D46DE8}") = "Tests", "Tests", "{A0210D5E-B9E7-4A62-813D-6C22782BA0D3}"
EndProject
Project("{FAE04EC0-301F-11D3-BF4B-00C04F79EFBC}") = "HappyBank.UnitTests", "Tests\HappyBank.UnitTests\HappyBank.UnitTests.csproj", "{2F1FE42C-425E-40CE-A59B-2F519EC24067}"
EndProject
Global
	GlobalSection(SolutionConfigurationPlatforms) = preSolution
		Debug|Any CPU = Debug|Any CPU
		Debug|x64 = Debug|x64
		Debug|x86 = Debug|x86
		Release|Any CPU = Release|Any CPU
		Release|x64 = Release|x64
		Release|x86 = Release|x86
	EndGlobalSection
	GlobalSection(SolutionProperties) = preSolution
		HideSolutionNode = FALSE
	EndGlobalSection
	GlobalSection(ProjectConfigurationPlatforms) = postSolution
		{057BCFB4-DA7F-4CC6-AEEB-8B8241CFD513}.Debug|Any CPU.ActiveCfg = Debug|Any CPU
		{057BCFB4-DA7F-4CC6-AEEB-8B8241CFD513}.Debug|Any CPU.Build.0 = Debug|Any CPU
		{057BCFB4-DA7F-4CC6-AEEB-8B8241CFD513}.Debug|x64.ActiveCfg = Debug|Any CPU
		{057BCFB4-DA7F-4CC6-AEEB-8B8241CFD513}.Debug|x64.Build.0 = Debug|Any CPU
		{057BCFB4-DA7F-4CC6-AEEB-8B8241CFD513}.Debug|x86.ActiveCfg = Debug|Any CPU
		{057BCFB4-DA7F-4CC6-AEEB-8B8241CFD513}.Debug|x86.Build.0 = Debug|Any CPU
		{057BCFB4-DA7F-4CC6-AEEB-8B8241CFD513}.Release|Any CPU.ActiveCfg = Release|Any CPU
		{057BCFB4-DA7F-4CC6-AEEB-8B8241CFD513}.Release|Any CPU.Build.0 = Release|Any CPU
		{057BCFB4-DA7F-4CC6-AEEB-8B8241CFD513}.Release|x64.ActiveCfg = Release|Any CPU
		{057BCFB4-DA7F-4CC6-AEEB-8B8241CFD513}.Release|x64.Build.0 = Release|Any CPU
		{057BCFB4-DA7F-4CC6-AEEB-8B8241CFD513}.Release|x86.ActiveCfg = Release|Any CPU
		{057BCFB4-DA7F-4CC6-AEEB-8B8241CFD513}.Release|x86.Build.0 = Release|Any CPU
		{3031A8B1-C811-4EAB-BD3C-A5DF7E551C4A}.Debug|Any CPU.ActiveCfg = Debug|Any CPU
		{3031A8B1-C811-4EAB-BD3C-A5DF7E551C4A}.Debug|Any CPU.Build.0 = Debug|Any CPU
		{3031A8B1-C811-4EAB-BD3C-A5DF7E551C4A}.Debug|x64.ActiveCfg = Debug|Any CPU
		{3031A8B1-C811-4EAB-BD3C-A5DF7E551C4A}.Debug|x64.Build.0 = Debug|Any CPU
		{3031A8B1-C811-4EAB-BD3C-A5DF7E551C4A}.Debug|x86.ActiveCfg = Debug|Any CPU
		{3031A8B1-C811-4EAB-BD3C-A5DF7E551C4A}.Debug|x86.Build.0 = Debug|Any CPU
		{3031A8B1-C811-4EAB-BD3C-A5DF7E551C4A}.Release|Any CPU.ActiveCfg = Release|Any CPU
		{3031A8B1-C811-4EAB-BD3C-A5DF7E551C4A}.Release|Any CPU.Build.0 = Release|Any CPU
		{3031A8B1-C811-4EAB-BD3C-A5DF7E551C4A}.Release|x64.ActiveCfg = Release|Any CPU
		{3031A8B1-C811-4EAB-BD3C-A5DF7E551C4A}.Release|x64.Build.0 = Release|Any CPU
		{3031A8B1-C811-4EAB-BD3C-A5DF7E551C4A}.Release|x86.ActiveCfg = Release|Any CPU
		{3031A8B1-C811-4EAB-BD3C-A5DF7E551C4A}.Release|x86.Build.0 = Release|Any CPU
		{B9B36A35-F1B6-47E7-9260-B1E359BC04A4}.Debug|Any CPU.ActiveCfg = Debug|Any CPU
		{B9B36A35-F1B6-47E7-9260-B1E359BC04A4}.Debug|Any CPU.Build.0 = Debug|Any CPU
		{B9B36A35-F1B6-47E7-9260-B1E359BC04A4}.Debug|x64.ActiveCfg = Debug|Any CPU
		{B9B36A35-F1B6-47E7-9260-B1E359BC04A4}.Debug|x64.Build.0 = Debug|Any CPU
		{B9B36A35-F1B6-47E7-9260-B1E359BC04A4}.Debug|x86.ActiveCfg = Debug|Any CPU
		{B9B36A35-F1B6-47E7-9260-B1E359BC04A4}.Debug|x86.Build.0 = Debug|Any CPU
		{B9B36A35-F1B6-47E7-9260-B1E359BC04A4}.Release|Any CPU.ActiveCfg = Release|Any CPU
		{B9B36A35-F1B6-47E7-9260-B1E359BC04A4}.Release|Any CPU.Build.0 = Release|Any CPU
		{B9B36A35-F1B6-47E7-9260-B1E359BC04A4}.Release|x64.ActiveCfg = Release|Any CPU
		{B9B36A35-F1B6-47E7-9260-B1E359BC04A4}.Release|x64.Build.0 = Release|Any CPU
		{B9B36A35-F1B6-47E7-9260-B1E359BC04A4}.Release|x86.ActiveCfg = Release|Any CPU
		{B9B36A35-F1B6-47E7-9260-B1E359BC04A4}.Release|x86.Build.0 = Release|Any CPU
		{F34950D8-C183-4D7C-9162-F9DC9DFE0D4F}.Debug|Any CPU.ActiveCfg = Debug|Any CPU
		{F34950D8-C183-4D7C-9162-F9DC9DFE0D4F}.Debug|Any CPU.Build.0 = Debug|Any CPU
		{F34950D8-C183-4D7C-9162-F9DC9DFE0D4F}.Debug|x64.ActiveCfg = Debug|Any CPU
		{F34950D8-C183-4D7C-9162-F9DC9DFE0D4F}.Debug|x64.Build.0 = Debug|Any CPU
		{F34950D8-C183-4D7C-9162-F9DC9DFE0D4F}.Debug|x86.ActiveCfg = Debug|Any CPU
		{F34950D8-C183-4D7C-9162-F9DC9DFE0D4F}.Debug|x86.Build.0 = Debug|Any CPU
		{F34950D8-C183-4D7C-9162-F9DC9DFE0D4F}.Release|Any CPU.ActiveCfg = Release|Any CPU
		{F34950D8-C183-4D7C-9162-F9DC9DFE0D4F}.Release|Any CPU.Build.0 = Release|Any CPU
		{F34950D8-C183-4D7C-9162-F9DC9DFE0D4F}.Release|x64.ActiveCfg = Release|Any CPU
		{F34950D8-C183-4D7C-9162-F9DC9DFE0D4F}.Release|x64.Build.0 = Release|Any CPU
		{F34950D8-C183-4D7C-9162-F9DC9DFE0D4F}.Release|x86.ActiveCfg = Release|Any CPU
		{F34950D8-C183-4D7C-9162-F9DC9DFE0D4F}.Release|x86.Build.0 = Release|Any CPU
		{0943B773-22AF-4BF0-A778-CE4E7A77BF42}.Debug|Any CPU.ActiveCfg = Debug|Any CPU
		{0943B773-22AF-4BF0-A778-CE4E7A77BF42}.Debug|Any CPU.Build.0 = Debug|Any CPU
		{0943B773-22AF-4BF0-A778-CE4E7A77BF42}.Debug|x64.ActiveCfg = Debug|Any CPU
		{0943B773-22AF-4BF0-A778-CE4E7A77BF42}.Debug|x64.Build.0 = Debug|Any CPU
		{0943B773-22AF-4BF0-A778-CE4E7A77BF42}.Debug|x86.ActiveCfg = Debug|Any CPU
		{0943B773-22AF-4BF0-A778-CE4E7A77BF42}.Debug|x86.Build.0 = Debug|Any CPU
		{0943B773-22AF-4BF0-A778-CE4E7A77BF42}.Release|Any CPU.ActiveCfg = Release|Any CPU
		{0943B773-22AF-4BF0-A778-CE4E7A77BF42}.Release|Any CPU.Build.0 = Release|Any CPU
		{0943B773-22AF-4BF0-A778-CE4E7A77BF42}.Release|x64.ActiveCfg = Release|Any CPU
		{0943B773-22AF-4BF0-A778-CE4E7A77BF42}.Release|x64.Build.0 = Release|Any CPU
		{0943B773-22AF-4BF0-A778-CE4E7A77BF42}.Release|x86.ActiveCfg = Release|Any CPU
		{0943B773-22AF-4BF0-A778-CE4E7A77BF42}.Release|x86.Build.0 = Release|Any CPU
		{9DEF3D56-7F56-4DC0-B7AE-A7A808639A65}.Debug|Any CPU.ActiveCfg = Debug|Any CPU
		{9DEF3D56-7F56-4DC0-B7AE-A7A808639A65}.Debug|Any CPU.Build.0 = Debug|Any CPU
		{9DEF3D56-7F56-4DC0-B7AE-A7A808639A65}.Debug|x64.ActiveCfg = Debug|Any CPU
		{9DEF3D56-7F56-4DC0-B7AE-A7A808639A65}.Debug|x64.Build.0 = Debug|Any CPU
		{9DEF3D56-7F56-4DC0-B7AE-A7A808639A65}.Debug|x86.ActiveCfg = Debug|Any CPU
		{9DEF3D56-7F56-4DC0-B7AE-A7A808639A65}.Debug|x86.Build.0 = Debug|Any CPU
		{9DEF3D56-7F56-4DC0-B7AE-A7A808639A65}.Release|Any CPU.ActiveCfg = Release|Any CPU
		{9DEF3D56-7F56-4DC0-B7AE-A7A808639A65}.Release|Any CPU.Build.0 = Release|Any CPU
		{9DEF3D56-7F56-4DC0-B7AE-A7A808639A65}.Release|x64.ActiveCfg = Release|Any CPU
		{9DEF3D56-7F56-4DC0-B7AE-A7A808639A65}.Release|x64.Build.0 = Release|Any CPU
		{9DEF3D56-7F56-4DC0-B7AE-A7A808639A65}.Release|x86.ActiveCfg = Release|Any CPU
		{9DEF3D56-7F56-4DC0-B7AE-A7A808639A65}.Release|x86.Build.0 = Release|Any CPU
		{2F1FE42C-425E-40CE-A59B-2F519EC24067}.Debug|Any CPU.ActiveCfg = Debug|Any CPU
		{2F1FE42C-425E-40CE-A59B-2F519EC24067}.Debug|Any CPU.Build.0 = Debug|Any CPU
		{2F1FE42C-425E-40CE-A59B-2F519EC24067}.Debug|x64.ActiveCfg = Debug|Any CPU
		{2F1FE42C-425E-40CE-A59B-2F519EC24067}.Debug|x64.Build.0 = Debug|Any CPU
		{2F1FE42C-425E-40CE-A59B-2F519EC24067}.Debug|x86.ActiveCfg = Debug|Any CPU
		{2F1FE42C-425E-40CE-A59B-2F519EC24067}.Debug|x86.Build.0 = Debug|Any CPU
		{2F1FE42C-425E-40CE-A59B-2F519EC24067}.Release|Any CPU.ActiveCfg = Release|Any CPU
		{2F1FE42C-425E-40CE-A59B-2F519EC24067}.Release|Any CPU.Build.0 = Release|Any CPU
		{2F1FE42C-425E-40CE-A59B-2F519EC24067}.Release|x64.ActiveCfg = Release|Any CPU
		{2F1FE42C-425E-40CE-A59B-2F519EC24067}.Release|x64.Build.0 = Release|Any CPU
		{2F1FE42C-425E-40CE-A59B-2F519EC24067}.Release|x86.ActiveCfg = Release|Any CPU
		{2F1FE42C-425E-40CE-A59B-2F519EC24067}.Release|x86.Build.0 = Release|Any CPU
		{BE352984-0529-4B24-8E45-F5950DC842FF}.Debug|Any CPU.ActiveCfg = Debug|Any CPU
		{BE352984-0529-4B24-8E45-F5950DC842FF}.Debug|Any CPU.Build.0 = Debug|Any CPU
		{BE352984-0529-4B24-8E45-F5950DC842FF}.Debug|x64.ActiveCfg = Debug|Any CPU
		{BE352984-0529-4B24-8E45-F5950DC842FF}.Debug|x64.Build.0 = Debug|Any CPU
		{BE352984-0529-4B24-8E45-F5950DC842FF}.Debug|x86.ActiveCfg = Debug|Any CPU
		{BE352984-0529-4B24-8E45-F5950DC842FF}.Debug|x86.Build.0 = Debug|Any CPU
		{BE352984-0529-4B24-8E45-F5950DC842FF}.Release|Any CPU.ActiveCfg = Release|Any CPU
		{BE352984-0529-4B24-8E45-F5950DC842FF}.Release|Any CPU.Build.0 = Release|Any CPU
		{BE352984-0529-4B24-8E45-F5950DC842FF}.Release|x64.ActiveCfg = Release|Any CPU
		{BE352984-0529-4B24-8E45-F5950DC842FF}.Release|x64.Build.0 = Release|Any CPU
		{BE352984-0529-4B24-8E45-F5950DC842FF}.Release|x86.ActiveCfg = Release|Any CPU
		{BE352984-0529-4B24-8E45-F5950DC842FF}.Release|x86.Build.0 = Release|Any CPU
		{D634E552-DAC6-4CFE-97FB-915C38DEDBB0}.Debug|Any CPU.ActiveCfg = Debug|Any CPU
		{D634E552-DAC6-4CFE-97FB-915C38DEDBB0}.Debug|Any CPU.Build.0 = Debug|Any CPU
		{D634E552-DAC6-4CFE-97FB-915C38DEDBB0}.Debug|x64.ActiveCfg = Debug|Any CPU
		{D634E552-DAC6-4CFE-97FB-915C38DEDBB0}.Debug|x64.Build.0 = Debug|Any CPU
		{D634E552-DAC6-4CFE-97FB-915C38DEDBB0}.Debug|x86.ActiveCfg = Debug|Any CPU
		{D634E552-DAC6-4CFE-97FB-915C38DEDBB0}.Debug|x86.Build.0 = Debug|Any CPU
		{D634E552-DAC6-4CFE-97FB-915C38DEDBB0}.Release|Any CPU.ActiveCfg = Release|Any CPU
		{D634E552-DAC6-4CFE-97FB-915C38DEDBB0}.Release|Any CPU.Build.0 = Release|Any CPU
		{D634E552-DAC6-4CFE-97FB-915C38DEDBB0}.Release|x64.ActiveCfg = Release|Any CPU
		{D634E552-DAC6-4CFE-97FB-915C38DEDBB0}.Release|x64.Build.0 = Release|Any CPU
		{D634E552-DAC6-4CFE-97FB-915C38DEDBB0}.Release|x86.ActiveCfg = Release|Any CPU
		{D634E552-DAC6-4CFE-97FB-915C38DEDBB0}.Release|x86.Build.0 = Release|Any CPU
		{D265D6F4-BE8A-450F-9581-EDBF29D8A6FD}.Debug|Any CPU.ActiveCfg = Debug|Any CPU
		{D265D6F4-BE8A-450F-9581-EDBF29D8A6FD}.Debug|Any CPU.Build.0 = Debug|Any CPU
		{D265D6F4-BE8A-450F-9581-EDBF29D8A6FD}.Debug|x64.ActiveCfg = Debug|Any CPU
		{D265D6F4-BE8A-450F-9581-EDBF29D8A6FD}.Debug|x64.Build.0 = Debug|Any CPU
		{D265D6F4-BE8A-450F-9581-EDBF29D8A6FD}.Debug|x86.ActiveCfg = Debug|Any CPU
		{D265D6F4-BE8A-450F-9581-EDBF29D8A6FD}.Debug|x86.Build.0 = Debug|Any CPU
		{D265D6F4-BE8A-450F-9581-EDBF29D8A6FD}.Release|Any CPU.ActiveCfg = Release|Any CPU
		{D265D6F4-BE8A-450F-9581-EDBF29D8A6FD}.Release|Any CPU.Build.0 = Release|Any CPU
		{D265D6F4-BE8A-450F-9581-EDBF29D8A6FD}.Release|x64.ActiveCfg = Release|Any CPU
		{D265D6F4-BE8A-450F-9581-EDBF29D8A6FD}.Release|x64.Build.0 = Release|Any CPU
		{D265D6F4-BE8A-450F-9581-EDBF29D8A6FD}.Release|x86.ActiveCfg = Release|Any CPU
		{D265D6F4-BE8A-450F-9581-EDBF29D8A6FD}.Release|x86.Build.0 = Release|Any CPU
		{F99A14DE-2FB7-4C51-81F1-81447C7ECF14}.Debug|Any CPU.ActiveCfg = Debug|Any CPU
		{F99A14DE-2FB7-4C51-81F1-81447C7ECF14}.Debug|Any CPU.Build.0 = Debug|Any CPU
		{F99A14DE-2FB7-4C51-81F1-81447C7ECF14}.Debug|x64.ActiveCfg = Debug|Any CPU
		{F99A14DE-2FB7-4C51-81F1-81447C7ECF14}.Debug|x64.Build.0 = Debug|Any CPU
		{F99A14DE-2FB7-4C51-81F1-81447C7ECF14}.Debug|x86.ActiveCfg = Debug|Any CPU
		{F99A14DE-2FB7-4C51-81F1-81447C7ECF14}.Debug|x86.Build.0 = Debug|Any CPU
		{F99A14DE-2FB7-4C51-81F1-81447C7ECF14}.Release|Any CPU.ActiveCfg = Release|Any CPU
		{F99A14DE-2FB7-4C51-81F1-81447C7ECF14}.Release|Any CPU.Build.0 = Release|Any CPU
		{F99A14DE-2FB7-4C51-81F1-81447C7ECF14}.Release|x64.ActiveCfg = Release|Any CPU
		{F99A14DE-2FB7-4C51-81F1-81447C7ECF14}.Release|x64.Build.0 = Release|Any CPU
		{F99A14DE-2FB7-4C51-81F1-81447C7ECF14}.Release|x86.ActiveCfg = Release|Any CPU
		{F99A14DE-2FB7-4C51-81F1-81447C7ECF14}.Release|x86.Build.0 = Release|Any CPU
		{AF55A5C0-DEAA-4EC1-912C-EA4B70EA2E11}.Debug|Any CPU.ActiveCfg = Debug|Any CPU
		{AF55A5C0-DEAA-4EC1-912C-EA4B70EA2E11}.Debug|Any CPU.Build.0 = Debug|Any CPU
		{AF55A5C0-DEAA-4EC1-912C-EA4B70EA2E11}.Debug|x64.ActiveCfg = Debug|Any CPU
		{AF55A5C0-DEAA-4EC1-912C-EA4B70EA2E11}.Debug|x64.Build.0 = Debug|Any CPU
		{AF55A5C0-DEAA-4EC1-912C-EA4B70EA2E11}.Debug|x86.ActiveCfg = Debug|Any CPU
		{AF55A5C0-DEAA-4EC1-912C-EA4B70EA2E11}.Debug|x86.Build.0 = Debug|Any CPU
		{AF55A5C0-DEAA-4EC1-912C-EA4B70EA2E11}.Release|Any CPU.ActiveCfg = Release|Any CPU
		{AF55A5C0-DEAA-4EC1-912C-EA4B70EA2E11}.Release|Any CPU.Build.0 = Release|Any CPU
		{AF55A5C0-DEAA-4EC1-912C-EA4B70EA2E11}.Release|x64.ActiveCfg = Release|Any CPU
		{AF55A5C0-DEAA-4EC1-912C-EA4B70EA2E11}.Release|x64.Build.0 = Release|Any CPU
		{AF55A5C0-DEAA-4EC1-912C-EA4B70EA2E11}.Release|x86.ActiveCfg = Release|Any CPU
		{AF55A5C0-DEAA-4EC1-912C-EA4B70EA2E11}.Release|x86.Build.0 = Release|Any CPU
	EndGlobalSection
	GlobalSection(NestedProjects) = preSolution
		{2F1FE42C-425E-40CE-A59B-2F519EC24067} = {A0210D5E-B9E7-4A62-813D-6C22782BA0D3}
		{BE352984-0529-4B24-8E45-F5950DC842FF} = {4B317F1A-EAA8-4249-976A-8A68333E0174}
		{D634E552-DAC6-4CFE-97FB-915C38DEDBB0} = {7CFE21CC-6BCE-470F-801E-3C4977D93261}
		{D265D6F4-BE8A-450F-9581-EDBF29D8A6FD} = {7CFE21CC-6BCE-470F-801E-3C4977D93261}
		{F99A14DE-2FB7-4C51-81F1-81447C7ECF14} = {7CFE21CC-6BCE-470F-801E-3C4977D93261}
		{AF55A5C0-DEAA-4EC1-912C-EA4B70EA2E11} = {7CFE21CC-6BCE-470F-801E-3C4977D93261}
	EndGlobalSection
EndGlobal
